
Microsoft Visual Studio Solution File, Format Version 12.00
# Visual Studio Version 16
VisualStudioVersion = 16.0.30709.132
MinimumVisualStudioVersion = 10.0.40219.1
Project("{FAE04EC0-301F-11D3-BF4B-00C04F79EFBC}") = "KingdomHearts", "KingdomHearts\KingdomHearts.csproj", "{2C2A8648-F8E2-4E6F-8B93-46A021C27595}"
EndProject
Global
	GlobalSection(SolutionConfigurationPlatforms) = preSolution
		Debug|Any CPU = Debug|Any CPU
		Release|Any CPU = Release|Any CPU
	EndGlobalSection
	GlobalSection(ProjectConfigurationPlatforms) = postSolution
		{2C2A8648-F8E2-4E6F-8B93-46A021C27595}.Debug|Any CPU.ActiveCfg = Debug|Any CPU
		{2C2A8648-F8E2-4E6F-8B93-46A021C27595}.Debug|Any CPU.Build.0 = Debug|Any CPU
		{2C2A8648-F8E2-4E6F-8B93-46A021C27595}.Release|Any CPU.ActiveCfg = Release|Any CPU
		{2C2A8648-F8E2-4E6F-8B93-46A021C27595}.Release|Any CPU.Build.0 = Release|Any CPU
	EndGlobalSection
	GlobalSection(SolutionProperties) = preSolution
		HideSolutionNode = FALSE
	EndGlobalSection
	GlobalSection(ExtensibilityGlobals) = postSolution
		SolutionGuid = {4FE1B8A3-155C-44B3-9D46-9DF80CB4E3E2}
	EndGlobalSection
EndGlobal
